
Microsoft Visual Studio Solution File, Format Version 12.00
# Visual Studio 15
VisualStudioVersion = 15.0.26730.16
MinimumVisualStudioVersion = 10.0.40219.1
Project("{FAE04EC0-301F-11D3-BF4B-00C04F79EFBC}") = "01_Interfaces", "01_Interfaces\01_Interfaces.csproj", "{71445DB5-4918-449D-B0CA-9B7E82802F56}"
EndProject
Global
	GlobalSection(SolutionConfigurationPlatforms) = preSolution
		Debug|Any CPU = Debug|Any CPU
		Release|Any CPU = Release|Any CPU
	EndGlobalSection
	GlobalSection(ProjectConfigurationPlatforms) = postSolution
		{71445DB5-4918-449D-B0CA-9B7E82802F56}.Debug|Any CPU.ActiveCfg = Debug|Any CPU
		{71445DB5-4918-449D-B0CA-9B7E82802F56}.Debug|Any CPU.Build.0 = Debug|Any CPU
		{71445DB5-4918-449D-B0CA-9B7E82802F56}.Release|Any CPU.ActiveCfg = Release|Any CPU
		{71445DB5-4918-449D-B0CA-9B7E82802F56}.Release|Any CPU.Build.0 = Release|Any CPU
	EndGlobalSection
	GlobalSection(SolutionProperties) = preSolution
		HideSolutionNode = FALSE
	EndGlobalSection
	GlobalSection(ExtensibilityGlobals) = postSolution
		SolutionGuid = {84FE85A8-FB66-45E4-96D3-32EF0193BE51}
	EndGlobalSection
EndGlobal
